PODS:
  - Alamofire (4.5.1)
  - AlamofireObjectMapper (4.1.0):
    - Alamofire (~> 4.1)
    - ObjectMapper (~> 2.0)
  - Kingfisher (3.13.1)
  - ObjectMapper (2.2.8)
  - Realm (2.10.1):
    - Realm/Headers (= 2.10.1)
  - Realm/Headers (2.10.1)
  - RealmSwift (2.10.1):
    - Realm (= 2.10.1)

DEPENDENCIES:
  - Alamofire (~> 4.5)
  - AlamofireObjectMapper (~> 4.0)
  - Kingfisher (~> 3.0)
  - RealmSwift

SPEC CHECKSUMS:
  Alamofire: 2d95912bf4c34f164fdfc335872e8c312acaea4a
  AlamofireObjectMapper: 435adc82f5b367679bd9e71c4974a54efd0b2521
  Kingfisher: ed9707a409cc47fddafbcd12a43a9757e3600af5
  ObjectMapper: 3d571bb5af471c779e1160828cd9ad5c4ef90958
  Realm: fc7a317a5c2c9ba91f5f235ede4e2ea76e9eba0c
  RealmSwift: 505ed6c15942a2e76f5cfa78a8667cfa997ee75b

PODFILE CHECKSUM: e092b2032f700bc1eb865cc0d61a6842f3f1223f

COCOAPODS: 1.2.0
